// !$*UTF8*$!
{
	archiveVersion = 1;
	classes = {
	};
	objectVersion = 51;
	objects = {

/* Begin PBXBuildFile section */
		8B10020B262DAF55006E6CFC /* LogViewController.swift in Sources */ = {isa = PBXBuildFile; fileRef = 8B10020A262DAF55006E6CFC /* LogViewController.swift */; };
		8B1ACC5B26234B13000B8C87 /* AppDelegate.swift in Sources */ = {isa = PBXBuildFile; fileRef = 8B1ACC5A26234B13000B8C87 /* AppDelegate.swift */; };
		8B1ACC5D26234B13000B8C87 /* SceneDelegate.swift in Sources */ = {isa = PBXBuildFile; fileRef = 8B1ACC5C26234B13000B8C87 /* SceneDelegate.swift */; };
		8B1ACC6226234B13000B8C87 /* Main.storyboard in Resources */ = {isa = PBXBuildFile; fileRef = 8B1ACC6026234B13000B8C87 /* Main.storyboard */; };
		8B1ACC6426234B14000B8C87 /* Assets.xcassets in Resources */ = {isa = PBXBuildFile; fileRef = 8B1ACC6326234B14000B8C87 /* Assets.xcassets */; };
		8B1ACC6726234B14000B8C87 /* LaunchScreen.storyboard in Resources */ = {isa = PBXBuildFile; fileRef = 8B1ACC6526234B14000B8C87 /* LaunchScreen.storyboard */; };
		8B1ACC7526234CCD000B8C87 /* GoogleService-Info.plist in Resources */ = {isa = PBXBuildFile; fileRef = 8B1ACC7426234CCD000B8C87 /* GoogleService-Info.plist */; };
		8B1ACC9D2623544B000B8C87 /* AccountViewController.swift in Sources */ = {isa = PBXBuildFile; fileRef = 8B1ACC9C2623544B000B8C87 /* AccountViewController.swift */; };
		8B1ACCE0262461C3000B8C87 /* MapViewController.swift in Sources */ = {isa = PBXBuildFile; fileRef = 8B1ACCDF262461C3000B8C87 /* MapViewController.swift */; };
		8B1ACCE7262474B5000B8C87 /* SettingsViewController.swift in Sources */ = {isa = PBXBuildFile; fileRef = 8B1ACCE6262474B5000B8C87 /* SettingsViewController.swift */; };
		8B29F7272662556700462663 /* SearchViewController.swift in Sources */ = {isa = PBXBuildFile; fileRef = 8B29F7262662556700462663 /* SearchViewController.swift */; };
		8B2BF4582629950E00E8BFA3 /* DetailViewController.swift in Sources */ = {isa = PBXBuildFile; fileRef = 8B2BF4572629950E00E8BFA3 /* DetailViewController.swift */; };
		8B2BF4742629B55E00E8BFA3 /* Extensions.swift in Sources */ = {isa = PBXBuildFile; fileRef = 8B2BF4732629B55E00E8BFA3 /* Extensions.swift */; };
		8B89FC33278873B7008B7875 /* Database.swift in Sources */ = {isa = PBXBuildFile; fileRef = 8B89FC32278873B7008B7875 /* Database.swift */; };
		8B89FC35278874DF008B7875 /* Pin.swift in Sources */ = {isa = PBXBuildFile; fileRef = 8B89FC34278874DF008B7875 /* Pin.swift */; };
		8B89FC372789FE11008B7875 /* CustomMKPointAnnotation.swift in Sources */ = {isa = PBXBuildFile; fileRef = 8B89FC362789FE11008B7875 /* CustomMKPointAnnotation.swift */; };
		8BBFDD60278AECFA003D4D6C /* TermsOfServiceViewController.swift in Sources */ = {isa = PBXBuildFile; fileRef = 8BBFDD5F278AECFA003D4D6C /* TermsOfServiceViewController.swift */; };
		8BBFDD62278AEFA2003D4D6C /* TermsOfServiceWebViewController.swift in Sources */ = {isa = PBXBuildFile; fileRef = 8BBFDD61278AEFA2003D4D6C /* TermsOfServiceWebViewController.swift */; };
		8BBFDD64279018A7003D4D6C /* BlockListViewController.swift in Sources */ = {isa = PBXBuildFile; fileRef = 8BBFDD63279018A7003D4D6C /* BlockListViewController.swift */; };
		8BDC519D262B485B003A03D4 /* addNewPinViewController.swift in Sources */ = {isa = PBXBuildFile; fileRef = 8BDC519C262B485B003A03D4 /* addNewPinViewController.swift */; };
		8BF5A82C263EC5860084097F /* LoginViewController.swift in Sources */ = {isa = PBXBuildFile; fileRef = 8BF5A82B263EC5860084097F /* LoginViewController.swift */; };
		8BF5A82E263FBCD10084097F /* FirstViewController.swift in Sources */ = {isa = PBXBuildFile; fileRef = 8BF5A82D263FBCD10084097F /* FirstViewController.swift */; };
		F4AA94513DEB29E98A95327F /* Pods_drpepper_finder.framework in Frameworks */ = {isa = PBXBuildFile; fileRef = 301AF65694C63676EC7652AF /* Pods_drpepper_finder.framework */; };
/* End PBXBuildFile section */

/* Begin PBXFileReference section */
		301AF65694C63676EC7652AF /* Pods_drpepper_finder.framework */ = {isa = PBXFileReference; explicitFileType = wrapper.framework; includeInIndex = 0; path = Pods_drpepper_finder.framework; sourceTree = BUILT_PRODUCTS_DIR; };
		376DD733A73C2ABD67670CE0 /* Pods-drpepper-finder.debug.xcconfig */ = {isa = PBXFileReference; includeInIndex = 1; lastKnownFileType = text.xcconfig; name = "Pods-drpepper-finder.debug.xcconfig"; path = "Target Support Files/Pods-drpepper-finder/Pods-drpepper-finder.debug.xcconfig"; sourceTree = "<group>"; };
		457F314694625010004DA314 /* Pods-drpepper-finder.release.xcconfig */ = {isa = PBXFileReference; includeInIndex = 1; lastKnownFileType = text.xcconfig; name = "Pods-drpepper-finder.release.xcconfig"; path = "Target Support Files/Pods-drpepper-finder/Pods-drpepper-finder.release.xcconfig"; sourceTree = "<group>"; };
		8B10020A262DAF55006E6CFC /* LogViewController.swift */ = {isa = PBXFileReference; lastKnownFileType = sourcecode.swift; path = LogViewController.swift; sourceTree = "<group>"; };
		8B1ACC5726234B13000B8C87 /* drpepper-finder.app */ = {isa = PBXFileReference; explicitFileType = wrapper.application; includeInIndex = 0; path = "drpepper-finder.app"; sourceTree = BUILT_PRODUCTS_DIR; };
		8B1ACC5A26234B13000B8C87 /* AppDelegate.swift */ = {isa = PBXFileReference; lastKnownFileType = sourcecode.swift; path = AppDelegate.swift; sourceTree = "<group>"; };
		8B1ACC5C26234B13000B8C87 /* SceneDelegate.swift */ = {isa = PBXFileReference; lastKnownFileType = sourcecode.swift; path = SceneDelegate.swift; sourceTree = "<group>"; };
		8B1ACC6126234B13000B8C87 /* Base */ = {isa = PBXFileReference; lastKnownFileType = file.storyboard; name = Base; path = Base.lproj/Main.storyboard; sourceTree = "<group>"; };
		8B1ACC6326234B14000B8C87 /* Assets.xcassets */ = {isa = PBXFileReference; lastKnownFileType = folder.assetcatalog; path = Assets.xcassets; sourceTree = "<group>"; };
		8B1ACC6626234B14000B8C87 /* Base */ = {isa = PBXFileReference; lastKnownFileType = file.storyboard; name = Base; path = Base.lproj/LaunchScreen.storyboard; sourceTree = "<group>"; };
		8B1ACC6826234B14000B8C87 /* Info.plist */ = {isa = PBXFileReference; lastKnownFileType = text.plist.xml; path = Info.plist; sourceTree = "<group>"; };
		8B1ACC7426234CCD000B8C87 /* GoogleService-Info.plist */ = {isa = PBXFileReference; fileEncoding = 4; lastKnownFileType = text.plist.xml; path = "GoogleService-Info.plist"; sourceTree = "<group>"; };
		8B1ACC9C2623544B000B8C87 /* AccountViewController.swift */ = {isa = PBXFileReference; lastKnownFileType = sourcecode.swift; path = AccountViewController.swift; sourceTree = "<group>"; };
		8B1ACCDF262461C3000B8C87 /* MapViewController.swift */ = {isa = PBXFileReference; lastKnownFileType = sourcecode.swift; path = MapViewController.swift; sourceTree = "<group>"; };
		8B1ACCE6262474B5000B8C87 /* SettingsViewController.swift */ = {isa = PBXFileReference; lastKnownFileType = sourcecode.swift; path = SettingsViewController.swift; sourceTree = "<group>"; };
		8B29F7262662556700462663 /* SearchViewController.swift */ = {isa = PBXFileReference; lastKnownFileType = sourcecode.swift; path = SearchViewController.swift; sourceTree = "<group>"; };
		8B2BF4572629950E00E8BFA3 /* DetailViewController.swift */ = {isa = PBXFileReference; lastKnownFileType = sourcecode.swift; path = DetailViewController.swift; sourceTree = "<group>"; };
		8B2BF4732629B55E00E8BFA3 /* Extensions.swift */ = {isa = PBXFileReference; lastKnownFileType = sourcecode.swift; path = Extensions.swift; sourceTree = "<group>"; };
		8B89FC32278873B7008B7875 /* Database.swift */ = {isa = PBXFileReference; lastKnownFileType = sourcecode.swift; path = Database.swift; sourceTree = "<group>"; };
		8B89FC34278874DF008B7875 /* Pin.swift */ = {isa = PBXFileReference; lastKnownFileType = sourcecode.swift; name = Pin.swift; path = "drpepper-finder/Pin.swift"; sourceTree = SOURCE_ROOT; };
		8B89FC362789FE11008B7875 /* CustomMKPointAnnotation.swift */ = {isa = PBXFileReference; lastKnownFileType = sourcecode.swift; name = CustomMKPointAnnotation.swift; path = "drpepper-finder/CustomMKPointAnnotation.swift"; sourceTree = SOURCE_ROOT; };
		8BBFDD5F278AECFA003D4D6C /* TermsOfServiceViewController.swift */ = {isa = PBXFileReference; lastKnownFileType = sourcecode.swift; path = TermsOfServiceViewController.swift; sourceTree = "<group>"; };
		8BBFDD61278AEFA2003D4D6C /* TermsOfServiceWebViewController.swift */ = {isa = PBXFileReference; lastKnownFileType = sourcecode.swift; path = TermsOfServiceWebViewController.swift; sourceTree = "<group>"; };
		8BBFDD63279018A7003D4D6C /* BlockListViewController.swift */ = {isa = PBXFileReference; lastKnownFileType = sourcecode.swift; path = BlockListViewController.swift; sourceTree = "<group>"; };
		8BDC519C262B485B003A03D4 /* addNewPinViewController.swift */ = {isa = PBXFileReference; lastKnownFileType = sourcecode.swift; path = addNewPinViewController.swift; sourceTree = "<group>"; };
		8BF5A82B263EC5860084097F /* LoginViewController.swift */ = {isa = PBXFileReference; lastKnownFileType = sourcecode.swift; path = LoginViewController.swift; sourceTree = "<group>"; };
		8BF5A82D263FBCD10084097F /* FirstViewController.swift */ = {isa = PBXFileReference; lastKnownFileType = sourcecode.swift; path = FirstViewController.swift; sourceTree = "<group>"; };
/* End PBXFileReference section */

/* Begin PBXFrameworksBuildPhase section */
		8B1ACC5426234B13000B8C87 /* Frameworks */ = {
			isa = PBXFrameworksBuildPhase;
			buildActionMask = 2147483647;
			files = (
				F4AA94513DEB29E98A95327F /* Pods_drpepper_finder.framework in Frameworks */,
			);
			runOnlyForDeploymentPostprocessing = 0;
		};
/* End PBXFrameworksBuildPhase section */

/* Begin PBXGroup section */
		334E522D94DB85716427ABBF /* Frameworks */ = {
			isa = PBXGroup;
			children = (
				301AF65694C63676EC7652AF /* Pods_drpepper_finder.framework */,
			);
			name = Frameworks;
			sourceTree = "<group>";
		};
		8B1ACC4E26234B13000B8C87 = {
			isa = PBXGroup;
			children = (
				8B1ACC5926234B13000B8C87 /* drpepper-finder */,
				8B1ACC5826234B13000B8C87 /* Products */,
				CBE0454E4297DD42C2739BEA /* Pods */,
				334E522D94DB85716427ABBF /* Frameworks */,
			);
			sourceTree = "<group>";
		};
		8B1ACC5826234B13000B8C87 /* Products */ = {
			isa = PBXGroup;
			children = (
				8B1ACC5726234B13000B8C87 /* drpepper-finder.app */,
			);
			name = Products;
			sourceTree = "<group>";
		};
		8B1ACC5926234B13000B8C87 /* drpepper-finder */ = {
			isa = PBXGroup;
			children = (
				8B1ACCDE2624618C000B8C87 /* controllers */,
				8B1ACCDA26245E76000B8C87 /* models */,
				8B1ACC5A26234B13000B8C87 /* AppDelegate.swift */,
				8B1ACC5C26234B13000B8C87 /* SceneDelegate.swift */,
				8B1ACC6026234B13000B8C87 /* Main.storyboard */,
				8B2BF4732629B55E00E8BFA3 /* Extensions.swift */,
				8B89FC32278873B7008B7875 /* Database.swift */,
				8B1ACC6326234B14000B8C87 /* Assets.xcassets */,
				8B1ACC6526234B14000B8C87 /* LaunchScreen.storyboard */,
				8B1ACC6826234B14000B8C87 /* Info.plist */,
				8B1ACC7426234CCD000B8C87 /* GoogleService-Info.plist */,
			);
			path = "drpepper-finder";
			sourceTree = "<group>";
		};
		8B1ACCDA26245E76000B8C87 /* models */ = {
			isa = PBXGroup;
			children = (
				8B89FC34278874DF008B7875 /* Pin.swift */,
				8B89FC362789FE11008B7875 /* CustomMKPointAnnotation.swift */,
			);
			path = models;
			sourceTree = "<group>";
		};
		8B1ACCDE2624618C000B8C87 /* controllers */ = {
			isa = PBXGroup;
			children = (
				8BBFDD5E278AECAC003D4D6C /* FirstView */,
				8BBFDD5D278AEC91003D4D6C /* SettingsView */,
				8BBFDD5C278AEC79003D4D6C /* DetailView */,
				8B1ACCDF262461C3000B8C87 /* MapViewController.swift */,
				8BDC519C262B485B003A03D4 /* addNewPinViewController.swift */,
				8B29F7262662556700462663 /* SearchViewController.swift */,
			);
			path = controllers;
			sourceTree = "<group>";
		};
		8BBFDD5C278AEC79003D4D6C /* DetailView */ = {
			isa = PBXGroup;
			children = (
				8B2BF4572629950E00E8BFA3 /* DetailViewController.swift */,
				8B10020A262DAF55006E6CFC /* LogViewController.swift */,
			);
			path = DetailView;
			sourceTree = "<group>";
		};
		8BBFDD5D278AEC91003D4D6C /* SettingsView */ = {
			isa = PBXGroup;
			children = (
				8B1ACCE6262474B5000B8C87 /* SettingsViewController.swift */,
				8B1ACC9C2623544B000B8C87 /* AccountViewController.swift */,
				8BBFDD63279018A7003D4D6C /* BlockListViewController.swift */,
			);
			path = SettingsView;
			sourceTree = "<group>";
		};
		8BBFDD5E278AECAC003D4D6C /* FirstView */ = {
			isa = PBXGroup;
			children = (
				8BF5A82D263FBCD10084097F /* FirstViewController.swift */,
				8BF5A82B263EC5860084097F /* LoginViewController.swift */,
				8BBFDD5F278AECFA003D4D6C /* TermsOfServiceViewController.swift */,
				8BBFDD61278AEFA2003D4D6C /* TermsOfServiceWebViewController.swift */,
			);
			path = FirstView;
			sourceTree = "<group>";
		};
		CBE0454E4297DD42C2739BEA /* Pods */ = {
			isa = PBXGroup;
			children = (
				376DD733A73C2ABD67670CE0 /* Pods-drpepper-finder.debug.xcconfig */,
				457F314694625010004DA314 /* Pods-drpepper-finder.release.xcconfig */,
			);
			path = Pods;
			sourceTree = "<group>";
		};
/* End PBXGroup section */

/* Begin PBXNativeTarget section */
		8B1ACC5626234B13000B8C87 /* drpepper-finder */ = {
			isa = PBXNativeTarget;
			buildConfigurationList = 8B1ACC6B26234B14000B8C87 /* Build configuration list for PBXNativeTarget "drpepper-finder" */;
			buildPhases = (
				8760C9A027D03E7A51D48F86 /* [CP] Check Pods Manifest.lock */,
				8B1ACC5326234B13000B8C87 /* Sources */,
				8B1ACC5426234B13000B8C87 /* Frameworks */,
				8B1ACC5526234B13000B8C87 /* Resources */,
				4C369B0B75CAD4FF008A6E11 /* [CP] Embed Pods Frameworks */,
				7344D121B6773F8C76217E60 /* [CP] Copy Pods Resources */,
			);
			buildRules = (
			);
			dependencies = (
			);
			name = "drpepper-finder";
			productName = "drpepper-finder";
			productReference = 8B1ACC5726234B13000B8C87 /* drpepper-finder.app */;
			productType = "com.apple.product-type.application";
		};
/* End PBXNativeTarget section */

/* Begin PBXProject section */
		8B1ACC4F26234B13000B8C87 /* Project object */ = {
			isa = PBXProject;
			attributes = {
				LastSwiftUpdateCheck = 1240;
				LastUpgradeCheck = 1240;
				TargetAttributes = {
					8B1ACC5626234B13000B8C87 = {
						CreatedOnToolsVersion = 12.4;
					};
				};
			};
			buildConfigurationList = 8B1ACC5226234B13000B8C87 /* Build configuration list for PBXProject "drpepper-finder" */;
			compatibilityVersion = "Xcode 9.3";
			developmentRegion = en;
			hasScannedForEncodings = 0;
			knownRegions = (
				en,
				Base,
			);
			mainGroup = 8B1ACC4E26234B13000B8C87;
			productRefGroup = 8B1ACC5826234B13000B8C87 /* Products */;
			projectDirPath = "";
			projectRoot = "";
			targets = (
				8B1ACC5626234B13000B8C87 /* drpepper-finder */,
			);
		};
/* End PBXProject section */

/* Begin PBXResourcesBuildPhase section */
		8B1ACC5526234B13000B8C87 /* Resources */ = {
			isa = PBXResourcesBuildPhase;
			buildActionMask = 2147483647;
			files = (
				8B1ACC6726234B14000B8C87 /* LaunchScreen.storyboard in Resources */,
				8B1ACC7526234CCD000B8C87 /* GoogleService-Info.plist in Resources */,
				8B1ACC6426234B14000B8C87 /* Assets.xcassets in Resources */,
				8B1ACC6226234B13000B8C87 /* Main.storyboard in Resources */,
			);
			runOnlyForDeploymentPostprocessing = 0;
		};
/* End PBXResourcesBuildPhase section */

/* Begin PBXShellScriptBuildPhase section */
		4C369B0B75CAD4FF008A6E11 /* [CP] Embed Pods Frameworks */ = {
			isa = PBXShellScriptBuildPhase;
			buildActionMask = 2147483647;
			files = (
			);
			inputFileListPaths = (
				"${PODS_ROOT}/Target Support Files/Pods-drpepper-finder/Pods-drpepper-finder-frameworks-${CONFIGURATION}-input-files.xcfilelist",
			);
			name = "[CP] Embed Pods Frameworks";
			outputFileListPaths = (
				"${PODS_ROOT}/Target Support Files/Pods-drpepper-finder/Pods-drpepper-finder-frameworks-${CONFIGURATION}-output-files.xcfilelist",
			);
			runOnlyForDeploymentPostprocessing = 0;
			shellPath = /bin/sh;
			shellScript = "\"${PODS_ROOT}/Target Support Files/Pods-drpepper-finder/Pods-drpepper-finder-frameworks.sh\"\n";
			showEnvVarsInLog = 0;
		};
		7344D121B6773F8C76217E60 /* [CP] Copy Pods Resources */ = {
			isa = PBXShellScriptBuildPhase;
			buildActionMask = 2147483647;
			files = (
			);
			inputFileListPaths = (
				"${PODS_ROOT}/Target Support Files/Pods-drpepper-finder/Pods-drpepper-finder-resources-${CONFIGURATION}-input-files.xcfilelist",
			);
			name = "[CP] Copy Pods Resources";
			outputFileListPaths = (
				"${PODS_ROOT}/Target Support Files/Pods-drpepper-finder/Pods-drpepper-finder-resources-${CONFIGURATION}-output-files.xcfilelist",
			);
			runOnlyForDeploymentPostprocessing = 0;
			shellPath = /bin/sh;
			shellScript = "\"${PODS_ROOT}/Target Support Files/Pods-drpepper-finder/Pods-drpepper-finder-resources.sh\"\n";
			showEnvVarsInLog = 0;
		};
		8760C9A027D03E7A51D48F86 /* [CP] Check Pods Manifest.lock */ = {
			isa = PBXShellScriptBuildPhase;
			buildActionMask = 2147483647;
			files = (
			);
			inputFileListPaths = (
			);
			inputPaths = (
				"${PODS_PODFILE_DIR_PATH}/Podfile.lock",
				"${PODS_ROOT}/Manifest.lock",
			);
			name = "[CP] Check Pods Manifest.lock";
			outputFileListPaths = (
			);
			outputPaths = (
				"$(DERIVED_FILE_DIR)/Pods-drpepper-finder-checkManifestLockResult.txt",
			);
			runOnlyForDeploymentPostprocessing = 0;
			shellPath = /bin/sh;
			shellScript = "diff \"${PODS_PODFILE_DIR_PATH}/Podfile.lock\" \"${PODS_ROOT}/Manifest.lock\" > /dev/null\nif [ $? != 0 ] ; then\n    # print error to STDERR\n    echo \"error: The sandbox is not in sync with the Podfile.lock. Run 'pod install' or update your CocoaPods installation.\" >&2\n    exit 1\nfi\n# This output is used by Xcode 'outputs' to avoid re-running this script phase.\necho \"SUCCESS\" > \"${SCRIPT_OUTPUT_FILE_0}\"\n";
			showEnvVarsInLog = 0;
		};
/* End PBXShellScriptBuildPhase section */

/* Begin PBXSourcesBuildPhase section */
		8B1ACC5326234B13000B8C87 /* Sources */ = {
			isa = PBXSourcesBuildPhase;
			buildActionMask = 2147483647;
			files = (
				8B89FC372789FE11008B7875 /* CustomMKPointAnnotation.swift in Sources */,
				8BBFDD60278AECFA003D4D6C /* TermsOfServiceViewController.swift in Sources */,
				8B89FC35278874DF008B7875 /* Pin.swift in Sources */,
				8BBFDD62278AEFA2003D4D6C /* TermsOfServiceWebViewController.swift in Sources */,
				8B10020B262DAF55006E6CFC /* LogViewController.swift in Sources */,
				8B1ACC9D2623544B000B8C87 /* AccountViewController.swift in Sources */,
				8B2BF4742629B55E00E8BFA3 /* Extensions.swift in Sources */,
				8BF5A82E263FBCD10084097F /* FirstViewController.swift in Sources */,
				8B1ACCE0262461C3000B8C87 /* MapViewController.swift in Sources */,
				8B1ACCE7262474B5000B8C87 /* SettingsViewController.swift in Sources */,
				8B1ACC5B26234B13000B8C87 /* AppDelegate.swift in Sources */,
				8B29F7272662556700462663 /* SearchViewController.swift in Sources */,
				8B1ACC5D26234B13000B8C87 /* SceneDelegate.swift in Sources */,
				8B2BF4582629950E00E8BFA3 /* DetailViewController.swift in Sources */,
				8BDC519D262B485B003A03D4 /* addNewPinViewController.swift in Sources */,
				8B89FC33278873B7008B7875 /* Database.swift in Sources */,
				8BBFDD64279018A7003D4D6C /* BlockListViewController.swift in Sources */,
				8BF5A82C263EC5860084097F /* LoginViewController.swift in Sources */,
			);
			runOnlyForDeploymentPostprocessing = 0;
		};
/* End PBXSourcesBuildPhase section */

/* Begin PBXVariantGroup section */
		8B1ACC6026234B13000B8C87 /* Main.storyboard */ = {
			isa = PBXVariantGroup;
			children = (
				8B1ACC6126234B13000B8C87 /* Base */,
			);
			name = Main.storyboard;
			sourceTree = "<group>";
		};
		8B1ACC6526234B14000B8C87 /* LaunchScreen.storyboard */ = {
			isa = PBXVariantGroup;
			children = (
				8B1ACC6626234B14000B8C87 /* Base */,
			);
			name = LaunchScreen.storyboard;
			sourceTree = "<group>";
		};
/* End PBXVariantGroup section */

/* Begin XCBuildConfiguration section */
		8B1ACC6926234B14000B8C87 /* Debug */ = {
			isa = XCBuildConfiguration;
			buildSettings = {
				ALWAYS_SEARCH_USER_PATHS = NO;
				CLANG_ANALYZER_NONNULL = YES;
				CLANG_ANALYZER_NUMBER_OBJECT_CONVERSION = YES_AGGRESSIVE;
				CLANG_CXX_LANGUAGE_STANDARD = "gnu++14";
				CLANG_CXX_LIBRARY = "libc++";
				CLANG_ENABLE_MODULES = YES;
				CLANG_ENABLE_OBJC_ARC = YES;
				CLANG_ENABLE_OBJC_WEAK = YES;
				CLANG_WARN_BLOCK_CAPTURE_AUTORELEASING = YES;
				CLANG_WARN_BOOL_CONVERSION = YES;
				CLANG_WARN_COMMA = YES;
				CLANG_WARN_CONSTANT_CONVERSION = YES;
				CLANG_WARN_DEPRECATED_OBJC_IMPLEMENTATIONS = YES;
				CLANG_WARN_DIRECT_OBJC_ISA_USAGE = YES_ERROR;
				CLANG_WARN_DOCUMENTATION_COMMENTS = YES;
				CLANG_WARN_EMPTY_BODY = YES;
				CLANG_WARN_ENUM_CONVERSION = YES;
				CLANG_WARN_INFINITE_RECURSION = YES;
				CLANG_WARN_INT_CONVERSION = YES;
				CLANG_WARN_NON_LITERAL_NULL_CONVERSION = YES;
				CLANG_WARN_OBJC_IMPLICIT_RETAIN_SELF = YES;
				CLANG_WARN_OBJC_LITERAL_CONVERSION = YES;
				CLANG_WARN_OBJC_ROOT_CLASS = YES_ERROR;
				CLANG_WARN_QUOTED_INCLUDE_IN_FRAMEWORK_HEADER = YES;
				CLANG_WARN_RANGE_LOOP_ANALYSIS = YES;
				CLANG_WARN_STRICT_PROTOTYPES = YES;
				CLANG_WARN_SUSPICIOUS_MOVE = YES;
				CLANG_WARN_UNGUARDED_AVAILABILITY = YES_AGGRESSIVE;
				CLANG_WARN_UNREACHABLE_CODE = YES;
				CLANG_WARN__DUPLICATE_METHOD_MATCH = YES;
				COPY_PHASE_STRIP = NO;
				DEBUG_INFORMATION_FORMAT = dwarf;
				ENABLE_STRICT_OBJC_MSGSEND = YES;
				ENABLE_TESTABILITY = YES;
				GCC_C_LANGUAGE_STANDARD = gnu11;
				GCC_DYNAMIC_NO_PIC = NO;
				GCC_NO_COMMON_BLOCKS = YES;
				GCC_OPTIMIZATION_LEVEL = 0;
				GCC_PREPROCESSOR_DEFINITIONS = (
					"DEBUG=1",
					"$(inherited)",
				);
				GCC_WARN_64_TO_32_BIT_CONVERSION = YES;
				GCC_WARN_ABOUT_RETURN_TYPE = YES_ERROR;
				GCC_WARN_UNDECLARED_SELECTOR = YES;
				GCC_WARN_UNINITIALIZED_AUTOS = YES_AGGRESSIVE;
				GCC_WARN_UNUSED_FUNCTION = YES;
				GCC_WARN_UNUSED_VARIABLE = YES;
				IPHONEOS_DEPLOYMENT_TARGET = 14.3;
				MTL_ENABLE_DEBUG_INFO = INCLUDE_SOURCE;
				MTL_FAST_MATH = YES;
				ONLY_ACTIVE_ARCH = YES;
				SDKROOT = iphoneos;
				SWIFT_ACTIVE_COMPILATION_CONDITIONS = DEBUG;
				SWIFT_OPTIMIZATION_LEVEL = "-Onone";
			};
			name = Debug;
		};
		8B1ACC6A26234B14000B8C87 /* Release */ = {
			isa = XCBuildConfiguration;
			buildSettings = {
				ALWAYS_SEARCH_USER_PATHS = NO;
				CLANG_ANALYZER_NONNULL = YES;
				CLANG_ANALYZER_NUMBER_OBJECT_CONVERSION = YES_AGGRESSIVE;
				CLANG_CXX_LANGUAGE_STANDARD = "gnu++14";
				CLANG_CXX_LIBRARY = "libc++";
				CLANG_ENABLE_MODULES = YES;
				CLANG_ENABLE_OBJC_ARC = YES;
				CLANG_ENABLE_OBJC_WEAK = YES;
				CLANG_WARN_BLOCK_CAPTURE_AUTORELEASING = YES;
				CLANG_WARN_BOOL_CONVERSION = YES;
				CLANG_WARN_COMMA = YES;
				CLANG_WARN_CONSTANT_CONVERSION = YES;
				CLANG_WARN_DEPRECATED_OBJC_IMPLEMENTATIONS = YES;
				CLANG_WARN_DIRECT_OBJC_ISA_USAGE = YES_ERROR;
				CLANG_WARN_DOCUMENTATION_COMMENTS = YES;
				CLANG_WARN_EMPTY_BODY = YES;
				CLANG_WARN_ENUM_CONVERSION = YES;
				CLANG_WARN_INFINITE_RECURSION = YES;
				CLANG_WARN_INT_CONVERSION = YES;
				CLANG_WARN_NON_LITERAL_NULL_CONVERSION = YES;
				CLANG_WARN_OBJC_IMPLICIT_RETAIN_SELF = YES;
				CLANG_WARN_OBJC_LITERAL_CONVERSION = YES;
				CLANG_WARN_OBJC_ROOT_CLASS = YES_ERROR;
				CLANG_WARN_QUOTED_INCLUDE_IN_FRAMEWORK_HEADER = YES;
				CLANG_WARN_RANGE_LOOP_ANALYSIS = YES;
				CLANG_WARN_STRICT_PROTOTYPES = YES;
				CLANG_WARN_SUSPICIOUS_MOVE = YES;
				CLANG_WARN_UNGUARDED_AVAILABILITY = YES_AGGRESSIVE;
				CLANG_WARN_UNREACHABLE_CODE = YES;
				CLANG_WARN__DUPLICATE_METHOD_MATCH = YES;
				COPY_PHASE_STRIP = NO;
				DEBUG_INFORMATION_FORMAT = "dwarf-with-dsym";
				ENABLE_NS_ASSERTIONS = NO;
				ENABLE_STRICT_OBJC_MSGSEND = YES;
				GCC_C_LANGUAGE_STANDARD = gnu11;
				GCC_NO_COMMON_BLOCKS = YES;
				GCC_WARN_64_TO_32_BIT_CONVERSION = YES;
				GCC_WARN_ABOUT_RETURN_TYPE = YES_ERROR;
				GCC_WARN_UNDECLARED_SELECTOR = YES;
				GCC_WARN_UNINITIALIZED_AUTOS = YES_AGGRESSIVE;
				GCC_WARN_UNUSED_FUNCTION = YES;
				GCC_WARN_UNUSED_VARIABLE = YES;
				IPHONEOS_DEPLOYMENT_TARGET = 14.3;
				MTL_ENABLE_DEBUG_INFO = NO;
				MTL_FAST_MATH = YES;
				SDKROOT = iphoneos;
				SWIFT_COMPILATION_MODE = wholemodule;
				SWIFT_OPTIMIZATION_LEVEL = "-O";
				VALIDATE_PRODUCT = YES;
			};
			name = Release;
		};
		8B1ACC6C26234B14000B8C87 /* Debug */ = {
			isa = XCBuildConfiguration;
			baseConfigurationReference = 376DD733A73C2ABD67670CE0 /* Pods-drpepper-finder.debug.xcconfig */;
			buildSettings = {
				ASSETCATALOG_COMPILER_APPICON_NAME = AppIcon;
				ASSETCATALOG_COMPILER_GLOBAL_ACCENT_COLOR_NAME = AccentColor;
				CODE_SIGN_STYLE = Automatic;
				CURRENT_PROJECT_VERSION = 2;
				DEVELOPMENT_TEAM = 4R2WEKFX8S;
				INFOPLIST_FILE = "drpepper-finder/Info.plist";
				LD_RUNPATH_SEARCH_PATHS = (
					"$(inherited)",
					"@executable_path/Frameworks",
				);
				MARKETING_VERSION = 1.0.0;
				PRODUCT_BUNDLE_IDENTIFIER = "com.nullworkbench.drpepper-finder";
				PRODUCT_NAME = "$(TARGET_NAME)";
				SWIFT_VERSION = 5.0;
				TARGETED_DEVICE_FAMILY = 1;
			};
			name = Debug;
		};
		8B1ACC6D26234B14000B8C87 /* Release */ = {
			isa = XCBuildConfiguration;
			baseConfigurationReference = 457F314694625010004DA314 /* Pods-drpepper-finder.release.xcconfig */;
			buildSettings = {
				ASSETCATALOG_COMPILER_APPICON_NAME = AppIcon;
				ASSETCATALOG_COMPILER_GLOBAL_ACCENT_COLOR_NAME = AccentColor;
				CODE_SIGN_STYLE = Automatic;
				CURRENT_PROJECT_VERSION = 2;
				DEVELOPMENT_TEAM = 4R2WEKFX8S;
				INFOPLIST_FILE = "drpepper-finder/Info.plist";
				LD_RUNPATH_SEARCH_PATHS = (
					"$(inherited)",
					"@executable_path/Frameworks",
				);
				MARKETING_VERSION = 1.0.0;
				PRODUCT_BUNDLE_IDENTIFIER = "com.nullworkbench.drpepper-finder";
				PRODUCT_NAME = "$(TARGET_NAME)";
				SWIFT_VERSION = 5.0;
				TARGETED_DEVICE_FAMILY = 1;
			};
			name = Release;
		};
/* End XCBuildConfiguration section */

/* Begin XCConfigurationList section */
		8B1ACC5226234B13000B8C87 /* Build configuration list for PBXProject "drpepper-finder" */ = {
			isa = XCConfigurationList;
			buildConfigurations = (
				8B1ACC6926234B14000B8C87 /* Debug */,
				8B1ACC6A26234B14000B8C87 /* Release */,
			);
			defaultConfigurationIsVisible = 0;
			defaultConfigurationName = Release;
		};
		8B1ACC6B26234B14000B8C87 /* Build configuration list for PBXNativeTarget "drpepper-finder" */ = {
			isa = XCConfigurationList;
			buildConfigurations = (
				8B1ACC6C26234B14000B8C87 /* Debug */,
				8B1ACC6D26234B14000B8C87 /* Release */,
			);
			defaultConfigurationIsVisible = 0;
			defaultConfigurationName = Release;
		};
/* End XCConfigurationList section */
	};
	rootObject = 8B1ACC4F26234B13000B8C87 /* Project object */;
}
